// !$*UTF8*$!
{
	archiveVersion = 1;
	classes = {
	};
	objectVersion = 56;
	objects = {

/* Begin PBXBuildFile section */
		76990B162C25BB300016B8DA /* Birdie.swift in Sources */ = {isa = PBXBuildFile; fileRef = 76990B152C25BB300016B8DA /* Birdie.swift */; };
		76990B1A2C26E0240016B8DA /* Pipe.swift in Sources */ = {isa = PBXBuildFile; fileRef = 76990B192C26E0240016B8DA /* Pipe.swift */; };
		76990B1C2C26E3850016B8DA /* PipeSet.swift in Sources */ = {isa = PBXBuildFile; fileRef = 76990B1B2C26E3850016B8DA /* PipeSet.swift */; };
		76990B1E2C28428B0016B8DA /* NewGameScene.swift in Sources */ = {isa = PBXBuildFile; fileRef = 76990B1D2C28428B0016B8DA /* NewGameScene.swift */; };
		76990B202C2845720016B8DA /* StartGameButton.swift in Sources */ = {isa = PBXBuildFile; fileRef = 76990B1F2C2845720016B8DA /* StartGameButton.swift */; };
		76E9094E2BF625E8008319ED /* AppDelegate.swift in Sources */ = {isa = PBXBuildFile; fileRef = 76E9094D2BF625E8008319ED /* AppDelegate.swift */; };
		76E909562BF625E8008319ED /* GameViewController.swift in Sources */ = {isa = PBXBuildFile; fileRef = 76E909552BF625E8008319ED /* GameViewController.swift */; };
		76E909592BF625E8008319ED /* Base in Resources */ = {isa = PBXBuildFile; fileRef = 76E909582BF625E8008319ED /* Base */; };
		76E9095B2BF625EE008319ED /* Assets.xcassets in Resources */ = {isa = PBXBuildFile; fileRef = 76E9095A2BF625EE008319ED /* Assets.xcassets */; };
		76E9095E2BF625EE008319ED /* Base in Resources */ = {isa = PBXBuildFile; fileRef = 76E9095D2BF625EE008319ED /* Base */; };
		76E909692BF64FA6008319ED /* Assets.xcassets in Resources */ = {isa = PBXBuildFile; fileRef = 76E909672BF64FA6008319ED /* Assets.xcassets */; };
		76E9096F2BF650D7008319ED /* City.swift in Sources */ = {isa = PBXBuildFile; fileRef = 76E9096E2BF650D7008319ED /* City.swift */; };
		76E909712BF65404008319ED /* Background.swift in Sources */ = {isa = PBXBuildFile; fileRef = 76E909702BF65404008319ED /* Background.swift */; };
/* End PBXBuildFile section */

/* Begin PBXFileReference section */
		76990B152C25BB300016B8DA /* Birdie.swift */ = {isa = PBXFileReference; lastKnownFileType = sourcecode.swift; path = Birdie.swift; sourceTree = "<group>"; };
		76990B192C26E0240016B8DA /* Pipe.swift */ = {isa = PBXFileReference; lastKnownFileType = sourcecode.swift; path = Pipe.swift; sourceTree = "<group>"; };
		76990B1B2C26E3850016B8DA /* PipeSet.swift */ = {isa = PBXFileReference; lastKnownFileType = sourcecode.swift; path = PipeSet.swift; sourceTree = "<group>"; };
		76990B1D2C28428B0016B8DA /* NewGameScene.swift */ = {isa = PBXFileReference; lastKnownFileType = sourcecode.swift; path = NewGameScene.swift; sourceTree = "<group>"; };
		76990B1F2C2845720016B8DA /* StartGameButton.swift */ = {isa = PBXFileReference; lastKnownFileType = sourcecode.swift; path = StartGameButton.swift; sourceTree = "<group>"; };
		76E9094A2BF625E8008319ED /* flappy_bird_better.app */ = {isa = PBXFileReference; explicitFileType = wrapper.application; includeInIndex = 0; path = flappy_bird_better.app; sourceTree = BUILT_PRODUCTS_DIR; };
		76E9094D2BF625E8008319ED /* AppDelegate.swift */ = {isa = PBXFileReference; lastKnownFileType = sourcecode.swift; path = AppDelegate.swift; sourceTree = "<group>"; };
		76E909552BF625E8008319ED /* GameViewController.swift */ = {isa = PBXFileReference; lastKnownFileType = sourcecode.swift; path = GameViewController.swift; sourceTree = "<group>"; };
		76E909582BF625E8008319ED /* Base */ = {isa = PBXFileReference; lastKnownFileType = file.storyboard; name = Base; path = Base.lproj/Main.storyboard; sourceTree = "<group>"; };
		76E9095A2BF625EE008319ED /* Assets.xcassets */ = {isa = PBXFileReference; lastKnownFileType = folder.assetcatalog; path = Assets.xcassets; sourceTree = "<group>"; };
		76E9095D2BF625EE008319ED /* Base */ = {isa = PBXFileReference; lastKnownFileType = file.storyboard; name = Base; path = Base.lproj/LaunchScreen.storyboard; sourceTree = "<group>"; };
		76E909672BF64FA6008319ED /* Assets.xcassets */ = {isa = PBXFileReference; lastKnownFileType = folder.assetcatalog; path = Assets.xcassets; sourceTree = "<group>"; };
		76E9096E2BF650D7008319ED /* City.swift */ = {isa = PBXFileReference; lastKnownFileType = sourcecode.swift; path = City.swift; sourceTree = "<group>"; };
		76E909702BF65404008319ED /* Background.swift */ = {isa = PBXFileReference; lastKnownFileType = sourcecode.swift; path = Background.swift; sourceTree = "<group>"; };
/* End PBXFileReference section */

/* Begin PBXFrameworksBuildPhase section */
		76E909472BF625E8008319ED /* Frameworks */ = {
			isa = PBXFrameworksBuildPhase;
			buildActionMask = 2147483647;
			files = (
			);
			runOnlyForDeploymentPostprocessing = 0;
		};
/* End PBXFrameworksBuildPhase section */

/* Begin PBXGroup section */
		76E909412BF625E8008319ED = {
			isa = PBXGroup;
			children = (
				76E909672BF64FA6008319ED /* Assets.xcassets */,
				76E9094C2BF625E8008319ED /* flappy_bird_better */,
				76E9094B2BF625E8008319ED /* Products */,
			);
			sourceTree = "<group>";
		};
		76E9094B2BF625E8008319ED /* Products */ = {
			isa = PBXGroup;
			children = (
				76E9094A2BF625E8008319ED /* flappy_bird_better.app */,
			);
			name = Products;
			sourceTree = "<group>";
		};
		76E9094C2BF625E8008319ED /* flappy_bird_better */ = {
			isa = PBXGroup;
			children = (
				76990B1D2C28428B0016B8DA /* NewGameScene.swift */,
				76990B1B2C26E3850016B8DA /* PipeSet.swift */,
				76990B192C26E0240016B8DA /* Pipe.swift */,
				76990B152C25BB300016B8DA /* Birdie.swift */,
				76E9094D2BF625E8008319ED /* AppDelegate.swift */,
				76E909552BF625E8008319ED /* GameViewController.swift */,
				76E909572BF625E8008319ED /* Main.storyboard */,
				76E9095A2BF625EE008319ED /* Assets.xcassets */,
				76E9095C2BF625EE008319ED /* LaunchScreen.storyboard */,
				76E9096E2BF650D7008319ED /* City.swift */,
				76E909702BF65404008319ED /* Background.swift */,
				76990B1F2C2845720016B8DA /* StartGameButton.swift */,
			);
			path = flappy_bird_better;
			sourceTree = "<group>";
		};
/* End PBXGroup section */

/* Begin PBXNativeTarget section */
		76E909492BF625E8008319ED /* flappy_bird_better */ = {
			isa = PBXNativeTarget;
			buildConfigurationList = 76E909612BF625EE008319ED /* Build configuration list for PBXNativeTarget "flappy_bird_better" */;
			buildPhases = (
				76E909462BF625E8008319ED /* Sources */,
				76E909472BF625E8008319ED /* Frameworks */,
				76E909482BF625E8008319ED /* Resources */,
			);
			buildRules = (
			);
			dependencies = (
			);
			name = flappy_bird_better;
			productName = flappy_bird_better;
			productReference = 76E9094A2BF625E8008319ED /* flappy_bird_better.app */;
			productType = "com.apple.product-type.application";
		};
/* End PBXNativeTarget section */

/* Begin PBXProject section */
		76E909422BF625E8008319ED /* Project object */ = {
			isa = PBXProject;
			attributes = {
				BuildIndependentTargetsInParallel = 1;
				LastSwiftUpdateCheck = 1540;
				LastUpgradeCheck = 1540;
				TargetAttributes = {
					76E909492BF625E8008319ED = {
						CreatedOnToolsVersion = 15.4;
					};
				};
			};
			buildConfigurationList = 76E909452BF625E8008319ED /* Build configuration list for PBXProject "flappy_bird_better" */;
			compatibilityVersion = "Xcode 14.0";
			developmentRegion = en;
			hasScannedForEncodings = 0;
			knownRegions = (
				en,
				Base,
			);
			mainGroup = 76E909412BF625E8008319ED;
			productRefGroup = 76E9094B2BF625E8008319ED /* Products */;
			projectDirPath = "";
			projectRoot = "";
			targets = (
				76E909492BF625E8008319ED /* flappy_bird_better */,
			);
		};
/* End PBXProject section */

/* Begin PBXResourcesBuildPhase section */
		76E909482BF625E8008319ED /* Resources */ = {
			isa = PBXResourcesBuildPhase;
			buildActionMask = 2147483647;
			files = (
				76E909592BF625E8008319ED /* Base in Resources */,
				76E909692BF64FA6008319ED /* Assets.xcassets in Resources */,
				76E9095B2BF625EE008319ED /* Assets.xcassets in Resources */,
				76E9095E2BF625EE008319ED /* Base in Resources */,
			);
			runOnlyForDeploymentPostprocessing = 0;
		};
/* End PBXResourcesBuildPhase section */

/* Begin PBXSourcesBuildPhase section */
		76E909462BF625E8008319ED /* Sources */ = {
			isa = PBXSourcesBuildPhase;
			buildActionMask = 2147483647;
			files = (
				76E909562BF625E8008319ED /* GameViewController.swift in Sources */,
				76E9094E2BF625E8008319ED /* AppDelegate.swift in Sources */,
				76990B1C2C26E3850016B8DA /* PipeSet.swift in Sources */,
				76990B162C25BB300016B8DA /* Birdie.swift in Sources */,
				76990B1A2C26E0240016B8DA /* Pipe.swift in Sources */,
				76E9096F2BF650D7008319ED /* City.swift in Sources */,
				76E909712BF65404008319ED /* Background.swift in Sources */,
				76990B202C2845720016B8DA /* StartGameButton.swift in Sources */,
				76990B1E2C28428B0016B8DA /* NewGameScene.swift in Sources */,
			);
			runOnlyForDeploymentPostprocessing = 0;
		};
/* End PBXSourcesBuildPhase section */

/* Begin PBXVariantGroup section */
		76E909572BF625E8008319ED /* Main.storyboard */ = {
			isa = PBXVariantGroup;
			children = (
				76E909582BF625E8008319ED /* Base */,
			);
			name = Main.storyboard;
			sourceTree = "<group>";
		};
		76E9095C2BF625EE008319ED /* LaunchScreen.storyboard */ = {
			isa = PBXVariantGroup;
			children = (
				76E9095D2BF625EE008319ED /* Base */,
			);
			name = LaunchScreen.storyboard;
			sourceTree = "<group>";
		};
/* End PBXVariantGroup section */

/* Begin XCBuildConfiguration section */
		76E9095F2BF625EE008319ED /* Debug */ = {
			isa = XCBuildConfiguration;
			buildSettings = {
				ALWAYS_SEARCH_USER_PATHS = NO;
				ASSETCATALOG_COMPILER_GENERATE_SWIFT_ASSET_SYMBOL_EXTENSIONS = YES;
				CLANG_ANALYZER_NONNULL = YES;
				CLANG_ANALYZER_NUMBER_OBJECT_CONVERSION = YES_AGGRESSIVE;
				CLANG_CXX_LANGUAGE_STANDARD = "gnu++20";
				CLANG_ENABLE_MODULES = YES;
				CLANG_ENABLE_OBJC_ARC = YES;
				CLANG_ENABLE_OBJC_WEAK = YES;
				CLANG_WARN_BLOCK_CAPTURE_AUTORELEASING = YES;
				CLANG_WARN_BOOL_CONVERSION = YES;
				CLANG_WARN_COMMA = YES;
				CLANG_WARN_CONSTANT_CONVERSION = YES;
				CLANG_WARN_DEPRECATED_OBJC_IMPLEMENTATIONS = YES;
				CLANG_WARN_DIRECT_OBJC_ISA_USAGE = YES_ERROR;
				CLANG_WARN_DOCUMENTATION_COMMENTS = YES;
				CLANG_WARN_EMPTY_BODY = YES;
				CLANG_WARN_ENUM_CONVERSION = YES;
				CLANG_WARN_INFINITE_RECURSION = YES;
				CLANG_WARN_INT_CONVERSION = YES;
				CLANG_WARN_NON_LITERAL_NULL_CONVERSION = YES;
				CLANG_WARN_OBJC_IMPLICIT_RETAIN_SELF = YES;
				CLANG_WARN_OBJC_LITERAL_CONVERSION = YES;
				CLANG_WARN_OBJC_ROOT_CLASS = YES_ERROR;
				CLANG_WARN_QUOTED_INCLUDE_IN_FRAMEWORK_HEADER = YES;
				CLANG_WARN_RANGE_LOOP_ANALYSIS = YES;
				CLANG_WARN_STRICT_PROTOTYPES = YES;
				CLANG_WARN_SUSPICIOUS_MOVE = YES;
				CLANG_WARN_UNGUARDED_AVAILABILITY = YES_AGGRESSIVE;
				CLANG_WARN_UNREACHABLE_CODE = YES;
				CLANG_WARN__DUPLICATE_METHOD_MATCH = YES;
				COPY_PHASE_STRIP = NO;
				DEBUG_INFORMATION_FORMAT = dwarf;
				ENABLE_STRICT_OBJC_MSGSEND = YES;
				ENABLE_TESTABILITY = YES;
				ENABLE_USER_SCRIPT_SANDBOXING = YES;
				GCC_C_LANGUAGE_STANDARD = gnu17;
				GCC_DYNAMIC_NO_PIC = NO;
				GCC_NO_COMMON_BLOCKS = YES;
				GCC_OPTIMIZATION_LEVEL = 0;
				GCC_PREPROCESSOR_DEFINITIONS = (
					"DEBUG=1",
					"$(inherited)",
				);
				GCC_WARN_64_TO_32_BIT_CONVERSION = YES;
				GCC_WARN_ABOUT_RETURN_TYPE = YES_ERROR;
				GCC_WARN_UNDECLARED_SELECTOR = YES;
				GCC_WARN_UNINITIALIZED_AUTOS = YES_AGGRESSIVE;
				GCC_WARN_UNUSED_FUNCTION = YES;
				GCC_WARN_UNUSED_VARIABLE = YES;
				IPHONEOS_DEPLOYMENT_TARGET = 17.5;
				LOCALIZATION_PREFERS_STRING_CATALOGS = YES;
				MTL_ENABLE_DEBUG_INFO = INCLUDE_SOURCE;
				MTL_FAST_MATH = YES;
				ONLY_ACTIVE_ARCH = YES;
				SDKROOT = iphoneos;
				SWIFT_ACTIVE_COMPILATION_CONDITIONS = "DEBUG $(inherited)";
				SWIFT_OPTIMIZATION_LEVEL = "-Onone";
			};
			name = Debug;
		};
		76E909602BF625EE008319ED /* Release */ = {
			isa = XCBuildConfiguration;
			buildSettings = {
				ALWAYS_SEARCH_USER_PATHS = NO;
				ASSETCATALOG_COMPILER_GENERATE_SWIFT_ASSET_SYMBOL_EXTENSIONS = YES;
				CLANG_ANALYZER_NONNULL = YES;
				CLANG_ANALYZER_NUMBER_OBJECT_CONVERSION = YES_AGGRESSIVE;
				CLANG_CXX_LANGUAGE_STANDARD = "gnu++20";
				CLANG_ENABLE_MODULES = YES;
				CLANG_ENABLE_OBJC_ARC = YES;
				CLANG_ENABLE_OBJC_WEAK = YES;
				CLANG_WARN_BLOCK_CAPTURE_AUTORELEASING = YES;
				CLANG_WARN_BOOL_CONVERSION = YES;
				CLANG_WARN_COMMA = YES;
				CLANG_WARN_CONSTANT_CONVERSION = YES;
				CLANG_WARN_DEPRECATED_OBJC_IMPLEMENTATIONS = YES;
				CLANG_WARN_DIRECT_OBJC_ISA_USAGE = YES_ERROR;
				CLANG_WARN_DOCUMENTATION_COMMENTS = YES;
				CLANG_WARN_EMPTY_BODY = YES;
				CLANG_WARN_ENUM_CONVERSION = YES;
				CLANG_WARN_INFINITE_RECURSION = YES;
				CLANG_WARN_INT_CONVERSION = YES;
				CLANG_WARN_NON_LITERAL_NULL_CONVERSION = YES;
				CLANG_WARN_OBJC_IMPLICIT_RETAIN_SELF = YES;
				CLANG_WARN_OBJC_LITERAL_CONVERSION = YES;
				CLANG_WARN_OBJC_ROOT_CLASS = YES_ERROR;
				CLANG_WARN_QUOTED_INCLUDE_IN_FRAMEWORK_HEADER = YES;
				CLANG_WARN_RANGE_LOOP_ANALYSIS = YES;
				CLANG_WARN_STRICT_PROTOTYPES = YES;
				CLANG_WARN_SUSPICIOUS_MOVE = YES;
				CLANG_WARN_UNGUARDED_AVAILABILITY = YES_AGGRESSIVE;
				CLANG_WARN_UNREACHABLE_CODE = YES;
				CLANG_WARN__DUPLICATE_METHOD_MATCH = YES;
				COPY_PHASE_STRIP = NO;
				DEBUG_INFORMATION_FORMAT = "dwarf-with-dsym";
				ENABLE_NS_ASSERTIONS = NO;
				ENABLE_STRICT_OBJC_MSGSEND = YES;
				ENABLE_USER_SCRIPT_SANDBOXING = YES;
				GCC_C_LANGUAGE_STANDARD = gnu17;
				GCC_NO_COMMON_BLOCKS = YES;
				GCC_WARN_64_TO_32_BIT_CONVERSION = YES;
				GCC_WARN_ABOUT_RETURN_TYPE = YES_ERROR;
				GCC_WARN_UNDECLARED_SELECTOR = YES;
				GCC_WARN_UNINITIALIZED_AUTOS = YES_AGGRESSIVE;
				GCC_WARN_UNUSED_FUNCTION = YES;
				GCC_WARN_UNUSED_VARIABLE = YES;
				IPHONEOS_DEPLOYMENT_TARGET = 17.5;
				LOCALIZATION_PREFERS_STRING_CATALOGS = YES;
				MTL_ENABLE_DEBUG_INFO = NO;
				MTL_FAST_MATH = YES;
				SDKROOT = iphoneos;
				SWIFT_COMPILATION_MODE = wholemodule;
				VALIDATE_PRODUCT = YES;
			};
			name = Release;
		};
		76E909622BF625EE008319ED /* Debug */ = {
			isa = XCBuildConfiguration;
			buildSettings = {
				ASSETCATALOG_COMPILER_APPICON_NAME = AppIcon;
				ASSETCATALOG_COMPILER_GLOBAL_ACCENT_COLOR_NAME = AccentColor;
				CODE_SIGN_STYLE = Automatic;
				CURRENT_PROJECT_VERSION = 1;
				GENERATE_INFOPLIST_FILE = YES;
				INFOPLIST_KEY_UIApplicationSupportsIndirectInputEvents = YES;
				INFOPLIST_KEY_UILaunchStoryboardName = LaunchScreen;
				INFOPLIST_KEY_UIMainStoryboardFile = Main;
				INFOPLIST_KEY_UIStatusBarHidden = YES;
				INFOPLIST_KEY_UISupportedInterfaceOrientations = "UIInterfaceOrientationLandscapeLeft UIInterfaceOrientationLandscapeRight";
				INFOPLIST_KEY_UISupportedInterfaceOrientations_iPad = "UIInterfaceOrientationLandscapeLeft UIInterfaceOrientationLandscapeRight UIInterfaceOrientationPortrait UIInterfaceOrientationPortraitUpsideDown";
				LD_RUNPATH_SEARCH_PATHS = (
					"$(inherited)",
					"@executable_path/Frameworks",
				);
				MARKETING_VERSION = 1.0;
				PRODUCT_BUNDLE_IDENTIFIER = "pk.flappy-bird-better";
				PRODUCT_NAME = "$(TARGET_NAME)";
				SWIFT_EMIT_LOC_STRINGS = YES;
				SWIFT_VERSION = 5.0;
				TARGETED_DEVICE_FAMILY = "1,2";
			};
			name = Debug;
		};
		76E909632BF625EE008319ED /* Release */ = {
			isa = XCBuildConfiguration;
			buildSettings = {
				ASSETCATALOG_COMPILER_APPICON_NAME = AppIcon;
				ASSETCATALOG_COMPILER_GLOBAL_ACCENT_COLOR_NAME = AccentColor;
				CODE_SIGN_STYLE = Automatic;
				CURRENT_PROJECT_VERSION = 1;
				GENERATE_INFOPLIST_FILE = YES;
				INFOPLIST_KEY_UIApplicationSupportsIndirectInputEvents = YES;
				INFOPLIST_KEY_UILaunchStoryboardName = LaunchScreen;
				INFOPLIST_KEY_UIMainStoryboardFile = Main;
				INFOPLIST_KEY_UIStatusBarHidden = YES;
				INFOPLIST_KEY_UISupportedInterfaceOrientations = "UIInterfaceOrientationLandscapeLeft UIInterfaceOrientationLandscapeRight";
				INFOPLIST_KEY_UISupportedInterfaceOrientations_iPad = "UIInterfaceOrientationLandscapeLeft UIInterfaceOrientationLandscapeRight UIInterfaceOrientationPortrait UIInterfaceOrientationPortraitUpsideDown";
				LD_RUNPATH_SEARCH_PATHS = (
					"$(inherited)",
					"@executable_path/Frameworks",
				);
				MARKETING_VERSION = 1.0;
				PRODUCT_BUNDLE_IDENTIFIER = "pk.flappy-bird-better";
				PRODUCT_NAME = "$(TARGET_NAME)";
				SWIFT_EMIT_LOC_STRINGS = YES;
				SWIFT_VERSION = 5.0;
				TARGETED_DEVICE_FAMILY = "1,2";
			};
			name = Release;
		};
/* End XCBuildConfiguration section */

/* Begin XCConfigurationList section */
		76E909452BF625E8008319ED /* Build configuration list for PBXProject "flappy_bird_better" */ = {
			isa = XCConfigurationList;
			buildConfigurations = (
				76E9095F2BF625EE008319ED /* Debug */,
				76E909602BF625EE008319ED /* Release */,
			);
			defaultConfigurationIsVisible = 0;
			defaultConfigurationName = Release;
		};
		76E909612BF625EE008319ED /* Build configuration list for PBXNativeTarget "flappy_bird_better" */ = {
			isa = XCConfigurationList;
			buildConfigurations = (
				76E909622BF625EE008319ED /* Debug */,
				76E909632BF625EE008319ED /* Release */,
			);
			defaultConfigurationIsVisible = 0;
			defaultConfigurationName = Release;
		};
/* End XCConfigurationList section */
	};
	rootObject = 76E909422BF625E8008319ED /* Project object */;
}
